
Microsoft Visual Studio Solution File, Format Version 12.00
# Visual Studio 14
VisualStudioVersion = 14.0.25123.0
MinimumVisualStudioVersion = 10.0.40219.1
Project("{FAE04EC0-301F-11D3-BF4B-00C04F79EFBC}") = "Quartz.Presentation", "Quartz\Quartz.Presentation.csproj", "{FE3C601E-255A-4FEB-A32C-1ACA2A1A1DA2}"
EndProject
Project("{FAE04EC0-301F-11D3-BF4B-00C04F79EFBC}") = "Quartz.Jobs", "Quartz.Jobs\Quartz.Jobs.csproj", "{2BF4F642-00D4-4227-B84B-27AF63DC6EB3}"
EndProject
Project("{FAE04EC0-301F-11D3-BF4B-00C04F79EFBC}") = "Quartz.Application", "Quartz.Application\Quartz.Application.csproj", "{D9CEA7B9-3AA8-4F9B-A28B-8A8FC9545F1D}"
EndProject
Global
	GlobalSection(SolutionConfigurationPlatforms) = preSolution
		Debug|Any CPU = Debug|Any CPU
		Release|Any CPU = Release|Any CPU
	EndGlobalSection
	GlobalSection(ProjectConfigurationPlatforms) = postSolution
		{FE3C601E-255A-4FEB-A32C-1ACA2A1A1DA2}.Debug|Any CPU.ActiveCfg = Debug|Any CPU
		{FE3C601E-255A-4FEB-A32C-1ACA2A1A1DA2}.Debug|Any CPU.Build.0 = Debug|Any CPU
		{FE3C601E-255A-4FEB-A32C-1ACA2A1A1DA2}.Release|Any CPU.ActiveCfg = Release|Any CPU
		{FE3C601E-255A-4FEB-A32C-1ACA2A1A1DA2}.Release|Any CPU.Build.0 = Release|Any CPU
		{2BF4F642-00D4-4227-B84B-27AF63DC6EB3}.Debug|Any CPU.ActiveCfg = Debug|Any CPU
		{2BF4F642-00D4-4227-B84B-27AF63DC6EB3}.Debug|Any CPU.Build.0 = Debug|Any CPU
		{2BF4F642-00D4-4227-B84B-27AF63DC6EB3}.Release|Any CPU.ActiveCfg = Release|Any CPU
		{2BF4F642-00D4-4227-B84B-27AF63DC6EB3}.Release|Any CPU.Build.0 = Release|Any CPU
		{D9CEA7B9-3AA8-4F9B-A28B-8A8FC9545F1D}.Debug|Any CPU.ActiveCfg = Debug|Any CPU
		{D9CEA7B9-3AA8-4F9B-A28B-8A8FC9545F1D}.Debug|Any CPU.Build.0 = Debug|Any CPU
		{D9CEA7B9-3AA8-4F9B-A28B-8A8FC9545F1D}.Release|Any CPU.ActiveCfg = Release|Any CPU
		{D9CEA7B9-3AA8-4F9B-A28B-8A8FC9545F1D}.Release|Any CPU.Build.0 = Release|Any CPU
	EndGlobalSection
	GlobalSection(SolutionProperties) = preSolution
		HideSolutionNode = FALSE
	EndGlobalSection
EndGlobal
